
Microsoft Visual Studio Solution File, Format Version 12.00
# Visual Studio Version 16
VisualStudioVersion = 16.0.31005.135
MinimumVisualStudioVersion = 10.0.40219.1
Project("{9A19103F-16F7-4668-BE54-9A1E7A4F7556}") = "Entities", "Entities\Entities.csproj", "{128E9C8C-C5B1-4503-9753-18DC744329BC}"
EndProject
Project("{9A19103F-16F7-4668-BE54-9A1E7A4F7556}") = "DataAccess", "DataAccess\DataAccess.csproj", "{77C410C4-E56B-4902-BA1A-A3501F1C9A4C}"
EndProject
Project("{9A19103F-16F7-4668-BE54-9A1E7A4F7556}") = "Business", "Business\Business.csproj", "{894B1F74-5B5E-45FD-B2A3-531A9E88687A}"
EndProject
Project("{9A19103F-16F7-4668-BE54-9A1E7A4F7556}") = "ConsoleUI", "ConsoleUI\ConsoleUI.csproj", "{3318F53B-78BE-4588-94E7-2892AC0BF35B}"
EndProject
Project("{9A19103F-16F7-4668-BE54-9A1E7A4F7556}") = "Core", "Core\Core.csproj", "{CF4DAC90-0736-40CC-AD54-FE3E0995B139}"
EndProject
Project("{FAE04EC0-301F-11D3-BF4B-00C04F79EFBC}") = "WebAPI", "WebAPI\WebAPI.csproj", "{5F8A27F6-6954-4316-B654-0FCB83D2A96D}"
EndProject
Global
	GlobalSection(SolutionConfigurationPlatforms) = preSolution
		Debug|Any CPU = Debug|Any CPU
		Release|Any CPU = Release|Any CPU
	EndGlobalSection
	GlobalSection(ProjectConfigurationPlatforms) = postSolution
		{128E9C8C-C5B1-4503-9753-18DC744329BC}.Debug|Any CPU.ActiveCfg = Debug|Any CPU
		{128E9C8C-C5B1-4503-9753-18DC744329BC}.Debug|Any CPU.Build.0 = Debug|Any CPU
		{128E9C8C-C5B1-4503-9753-18DC744329BC}.Release|Any CPU.ActiveCfg = Release|Any CPU
		{128E9C8C-C5B1-4503-9753-18DC744329BC}.Release|Any CPU.Build.0 = Release|Any CPU
		{77C410C4-E56B-4902-BA1A-A3501F1C9A4C}.Debug|Any CPU.ActiveCfg = Debug|Any CPU
		{77C410C4-E56B-4902-BA1A-A3501F1C9A4C}.Debug|Any CPU.Build.0 = Debug|Any CPU
		{77C410C4-E56B-4902-BA1A-A3501F1C9A4C}.Release|Any CPU.ActiveCfg = Release|Any CPU
		{77C410C4-E56B-4902-BA1A-A3501F1C9A4C}.Release|Any CPU.Build.0 = Release|Any CPU
		{894B1F74-5B5E-45FD-B2A3-531A9E88687A}.Debug|Any CPU.ActiveCfg = Debug|Any CPU
		{894B1F74-5B5E-45FD-B2A3-531A9E88687A}.Debug|Any CPU.Build.0 = Debug|Any CPU
		{894B1F74-5B5E-45FD-B2A3-531A9E88687A}.Release|Any CPU.ActiveCfg = Release|Any CPU
		{894B1F74-5B5E-45FD-B2A3-531A9E88687A}.Release|Any CPU.Build.0 = Release|Any CPU
		{3318F53B-78BE-4588-94E7-2892AC0BF35B}.Debug|Any CPU.ActiveCfg = Debug|Any CPU
		{3318F53B-78BE-4588-94E7-2892AC0BF35B}.Debug|Any CPU.Build.0 = Debug|Any CPU
		{3318F53B-78BE-4588-94E7-2892AC0BF35B}.Release|Any CPU.ActiveCfg = Release|Any CPU
		{3318F53B-78BE-4588-94E7-2892AC0BF35B}.Release|Any CPU.Build.0 = Release|Any CPU
		{CF4DAC90-0736-40CC-AD54-FE3E0995B139}.Debug|Any CPU.ActiveCfg = Debug|Any CPU
		{CF4DAC90-0736-40CC-AD54-FE3E0995B139}.Debug|Any CPU.Build.0 = Debug|Any CPU
		{CF4DAC90-0736-40CC-AD54-FE3E0995B139}.Release|Any CPU.ActiveCfg = Release|Any CPU
		{CF4DAC90-0736-40CC-AD54-FE3E0995B139}.Release|Any CPU.Build.0 = Release|Any CPU
		{5F8A27F6-6954-4316-B654-0FCB83D2A96D}.Debug|Any CPU.ActiveCfg = Debug|Any CPU
		{5F8A27F6-6954-4316-B654-0FCB83D2A96D}.Debug|Any CPU.Build.0 = Debug|Any CPU
		{5F8A27F6-6954-4316-B654-0FCB83D2A96D}.Release|Any CPU.ActiveCfg = Release|Any CPU
		{5F8A27F6-6954-4316-B654-0FCB83D2A96D}.Release|Any CPU.Build.0 = Release|Any CPU
	EndGlobalSection
	GlobalSection(SolutionProperties) = preSolution
		HideSolutionNode = FALSE
	EndGlobalSection
	GlobalSection(ExtensibilityGlobals) = postSolution
		SolutionGuid = {2AD66968-6571-41CD-BD82-A985933911C2}
	EndGlobalSection
EndGlobal
